
Microsoft Visual Studio Solution File, Format Version 12.00
# Visual Studio Version 17
VisualStudioVersion = 17.11.35327.3
MinimumVisualStudioVersion = 10.0.40219.1
Project("{9A19103F-16F7-4668-BE54-9A1E7A4F7556}") = "PMSystem", "PMSystem\PMSystem.csproj", "{2C08D9F6-3033-47FA-89BE-C6BB80870FD9}"
EndProject
Project("{9A19103F-16F7-4668-BE54-9A1E7A4F7556}") = "DAL", "DAL\DAL.csproj", "{21B5C200-8EC4-45D9-97BC-34A1C947CADB}"
EndProject
Project("{FAE04EC0-301F-11D3-BF4B-00C04F79EFBC}") = "Models", "Models\Models.csproj", "{0F8A8126-FCE1-4AC0-9068-AC40F84CD122}"
EndProject
Global
	GlobalSection(SolutionConfigurationPlatforms) = preSolution
		Debug|Any CPU = Debug|Any CPU
		Release|Any CPU = Release|Any CPU
	EndGlobalSection
	GlobalSection(ProjectConfigurationPlatforms) = postSolution
		{2C08D9F6-3033-47FA-89BE-C6BB80870FD9}.Debug|Any CPU.ActiveCfg = Debug|Any CPU
		{2C08D9F6-3033-47FA-89BE-C6BB80870FD9}.Debug|Any CPU.Build.0 = Debug|Any CPU
		{2C08D9F6-3033-47FA-89BE-C6BB80870FD9}.Release|Any CPU.ActiveCfg = Release|Any CPU
		{2C08D9F6-3033-47FA-89BE-C6BB80870FD9}.Release|Any CPU.Build.0 = Release|Any CPU
		{21B5C200-8EC4-45D9-97BC-34A1C947CADB}.Debug|Any CPU.ActiveCfg = Debug|Any CPU
		{21B5C200-8EC4-45D9-97BC-34A1C947CADB}.Debug|Any CPU.Build.0 = Debug|Any CPU
		{21B5C200-8EC4-45D9-97BC-34A1C947CADB}.Release|Any CPU.ActiveCfg = Release|Any CPU
		{21B5C200-8EC4-45D9-97BC-34A1C947CADB}.Release|Any CPU.Build.0 = Release|Any CPU
		{0F8A8126-FCE1-4AC0-9068-AC40F84CD122}.Debug|Any CPU.ActiveCfg = Debug|Any CPU
		{0F8A8126-FCE1-4AC0-9068-AC40F84CD122}.Debug|Any CPU.Build.0 = Debug|Any CPU
		{0F8A8126-FCE1-4AC0-9068-AC40F84CD122}.Release|Any CPU.ActiveCfg = Release|Any CPU
		{0F8A8126-FCE1-4AC0-9068-AC40F84CD122}.Release|Any CPU.Build.0 = Release|Any CPU
	EndGlobalSection
	GlobalSection(SolutionProperties) = preSolution
		HideSolutionNode = FALSE
	EndGlobalSection
	GlobalSection(ExtensibilityGlobals) = postSolution
		SolutionGuid = {E7C1A056-BE6B-44D0-97FF-2244E50DCEC9}
	EndGlobalSection
EndGlobal
